
Microsoft Visual Studio Solution File, Format Version 12.00
# Visual Studio Version 16
VisualStudioVersion = 16.0.30907.101
MinimumVisualStudioVersion = 10.0.40219.1
Project("{FAE04EC0-301F-11D3-BF4B-00C04F79EFBC}") = "AspWithHamed", "AspWithHamed\AspWithHamed.csproj", "{AE6FC85C-600B-4677-97D3-714D603BEB5A}"
EndProject
Global
	GlobalSection(SolutionConfigurationPlatforms) = preSolution
		Debug|Any CPU = Debug|Any CPU
		Release|Any CPU = Release|Any CPU
	EndGlobalSection
	GlobalSection(ProjectConfigurationPlatforms) = postSolution
		{AE6FC85C-600B-4677-97D3-714D603BEB5A}.Debug|Any CPU.ActiveCfg = Debug|Any CPU
		{AE6FC85C-600B-4677-97D3-714D603BEB5A}.Debug|Any CPU.Build.0 = Debug|Any CPU
		{AE6FC85C-600B-4677-97D3-714D603BEB5A}.Release|Any CPU.ActiveCfg = Release|Any CPU
		{AE6FC85C-600B-4677-97D3-714D603BEB5A}.Release|Any CPU.Build.0 = Release|Any CPU
	EndGlobalSection
	GlobalSection(SolutionProperties) = preSolution
		HideSolutionNode = FALSE
	EndGlobalSection
	GlobalSection(ExtensibilityGlobals) = postSolution
		SolutionGuid = {F055DA6E-E49B-431C-A6AF-595B788636D4}
	EndGlobalSection
EndGlobal
